
Microsoft Visual Studio Solution File, Format Version 12.00
# Visual Studio Version 17
VisualStudioVersion = 17.1.31911.260
MinimumVisualStudioVersion = 10.0.40219.1
Project("{9A19103F-16F7-4668-BE54-9A1E7A4F7556}") = "LinkStore.Server", "LinkStore\Server\LinkStore.Server.csproj", "{3B7F0984-0A0D-4B71-83D1-1F6B878D4E35}"
EndProject
Project("{9A19103F-16F7-4668-BE54-9A1E7A4F7556}") = "LinkStore.Client", "LinkStore\Client\LinkStore.Client.csproj", "{FF6C10FF-7C5D-417B-B7D7-EDB7467D8C5B}"
EndProject
Project("{9A19103F-16F7-4668-BE54-9A1E7A4F7556}") = "LinkStore.Shared", "LinkStore\Shared\LinkStore.Shared.csproj", "{C02D29CA-B70D-440B-830F-8D7332F9AC18}"
EndProject
Project("{2150E333-8FDC-42A3-9474-1A3956D46DE8}") = "DataAccess", "DataAccess", "{0E5563FE-A108-475F-A62F-A0A12DD61BD6}"
EndProject
Project("{FAE04EC0-301F-11D3-BF4B-00C04F79EFBC}") = "LinkStore.Category", "LinkStore.Category\LinkStore.Category.csproj", "{E6368371-3943-4535-9FC8-EB520706740C}"
EndProject
Global
	GlobalSection(SolutionConfigurationPlatforms) = preSolution
		Debug|Any CPU = Debug|Any CPU
		Release|Any CPU = Release|Any CPU
	EndGlobalSection
	GlobalSection(ProjectConfigurationPlatforms) = postSolution
		{3B7F0984-0A0D-4B71-83D1-1F6B878D4E35}.Debug|Any CPU.ActiveCfg = Debug|Any CPU
		{3B7F0984-0A0D-4B71-83D1-1F6B878D4E35}.Debug|Any CPU.Build.0 = Debug|Any CPU
		{3B7F0984-0A0D-4B71-83D1-1F6B878D4E35}.Release|Any CPU.ActiveCfg = Release|Any CPU
		{3B7F0984-0A0D-4B71-83D1-1F6B878D4E35}.Release|Any CPU.Build.0 = Release|Any CPU
		{FF6C10FF-7C5D-417B-B7D7-EDB7467D8C5B}.Debug|Any CPU.ActiveCfg = Debug|Any CPU
		{FF6C10FF-7C5D-417B-B7D7-EDB7467D8C5B}.Debug|Any CPU.Build.0 = Debug|Any CPU
		{FF6C10FF-7C5D-417B-B7D7-EDB7467D8C5B}.Release|Any CPU.ActiveCfg = Release|Any CPU
		{FF6C10FF-7C5D-417B-B7D7-EDB7467D8C5B}.Release|Any CPU.Build.0 = Release|Any CPU
		{C02D29CA-B70D-440B-830F-8D7332F9AC18}.Debug|Any CPU.ActiveCfg = Debug|Any CPU
		{C02D29CA-B70D-440B-830F-8D7332F9AC18}.Debug|Any CPU.Build.0 = Debug|Any CPU
		{C02D29CA-B70D-440B-830F-8D7332F9AC18}.Release|Any CPU.ActiveCfg = Release|Any CPU
		{C02D29CA-B70D-440B-830F-8D7332F9AC18}.Release|Any CPU.Build.0 = Release|Any CPU
		{E6368371-3943-4535-9FC8-EB520706740C}.Debug|Any CPU.ActiveCfg = Debug|Any CPU
		{E6368371-3943-4535-9FC8-EB520706740C}.Debug|Any CPU.Build.0 = Debug|Any CPU
		{E6368371-3943-4535-9FC8-EB520706740C}.Release|Any CPU.ActiveCfg = Release|Any CPU
		{E6368371-3943-4535-9FC8-EB520706740C}.Release|Any CPU.Build.0 = Release|Any CPU
	EndGlobalSection
	GlobalSection(SolutionProperties) = preSolution
		HideSolutionNode = FALSE
	EndGlobalSection
	GlobalSection(NestedProjects) = preSolution
		{E6368371-3943-4535-9FC8-EB520706740C} = {0E5563FE-A108-475F-A62F-A0A12DD61BD6}
	EndGlobalSection
	GlobalSection(ExtensibilityGlobals) = postSolution
		SolutionGuid = {D6EFD549-B858-46B4-872F-80FA2DDFFDD8}
	EndGlobalSection
EndGlobal
